{
    "name": "boardgame-app",
    "lockfileVersion": 2,
    "requires": true,
    "packages": {
        "": {
            "name": "boardgame-app",
            "engines": {
                "node": "17.1.0",
                "npm": "8.1.2",
                "yarn": "1.22.17"
            }
        }
    }
}
